{
  "name": "machine-learning-tfjs",
  "version": "1.0.0",
  "lockfileVersion": 1,
  "requires": true,
  "dependencies": {
    "@tensorflow/tfjs": {
      "version": "0.9.1",
      "resolved": "https://registry.npmjs.org/@tensorflow/tfjs/-/tfjs-0.9.1.tgz",
      "integrity": "sha512-FRKLG2PlZYbIXpCsXyMRgko/Dab9SJuv1uoX5H+IdHC9dRhMhsw+Aj0ys7zF4BXfonoYZ+jZeU5wstNStJcm/w==",
      "requires": {
        "@tensorflow/tfjs-core": "0.7.1",
        "@tensorflow/tfjs-layers": "0.4.1"
      }
    },
    "@tensorflow/tfjs-core": {
      "version": "0.7.1",
      "resolved": "https://registry.npmjs.org/@tensorflow/tfjs-core/-/tfjs-core-0.7.1.tgz",
      "integrity": "sha512-igOc8bW2N7/Cg6NDZaWlY1rViia4HagG109UnrTMXvYuh+3/Wrm6EYjgYNvMTAF/28MfS0vuxzPzZT4YJZ9lMw==",
      "requires": {
        "seedrandom": "2.4.3"
      }
    },
    "@tensorflow/tfjs-layers": {
      "version": "0.4.1",
      "resolved": "https://registry.npmjs.org/@tensorflow/tfjs-layers/-/tfjs-layers-0.4.1.tgz",
      "integrity": "sha512-QfbGmZYd3oZ4i1F6r36ZzN7fnr/LYm8uD8EoBOrDPf47P9QOaylcAKYxggfz/923asKeQ+o2Zz5hamp4L07ynw==",
      "requires": {
        "underscore": "1.8.3"
      }
    },
    "seedrandom": {
      "version": "2.4.3",
      "resolved": "https://registry.npmjs.org/seedrandom/-/seedrandom-2.4.3.tgz",
      "integrity": "sha1-JDhQTa0zkXMUv/GKxNeU8W1qrsw="
    },
    "typescript": {
      "version": "2.8.3",
      "resolved": "https://registry.npmjs.org/typescript/-/typescript-2.8.3.tgz",
      "integrity": "sha512-K7g15Bb6Ra4lKf7Iq2l/I5/En+hLIHmxWZGq3D4DIRNFxMNV6j2SHSvDOqs2tGd4UvD/fJvrwopzQXjLrT7Itw=="
    },
    "underscore": {
      "version": "1.8.3",
      "resolved": "https://registry.npmjs.org/underscore/-/underscore-1.8.3.tgz",
      "integrity": "sha1-Tz+1OxBuYJf8+ctBCfKl6b36UCI="
    }
  }
}
